
Microsoft Visual Studio Solution File, Format Version 12.00
# Visual Studio Version 17
VisualStudioVersion = 17.0.32014.148
MinimumVisualStudioVersion = 10.0.40219.1
Project("{8BC9CEB8-8B4A-11D0-8D11-00A0C91BC942}") = "HW_220112", "HomeWork220112\HomeWork220112.vcxproj", "{C9B782E4-9B91-41E3-8625-6FFD57CDB3E5}"
EndProject
Project("{2150E333-8FDC-42A3-9474-1A3956D46DE8}") = "HomeWork", "HomeWork", "{58721CBB-1907-48ED-8463-DADD2D703469}"
EndProject
Project("{8BC9CEB8-8B4A-11D0-8D11-00A0C91BC942}") = "HW_220116_ToUpper", "HomeWork220114\HomeWork220114.vcxproj", "{82CE6644-32A8-4BCC-BFDD-F6A21410DB61}"
EndProject
Project("{8BC9CEB8-8B4A-11D0-8D11-00A0C91BC942}") = "HW_220114_ToInt", "HomeWork220114_ToInt\HomeWork220114_ToInt.vcxproj", "{974EEF9C-85E5-425C-ACCA-F7865CB6DAFE}"
EndProject
Project("{8BC9CEB8-8B4A-11D0-8D11-00A0C91BC942}") = "HW_220117_CountFirst,Last", "HomeWork220117_\HomeWork220117_.vcxproj", "{8EA69A8B-BF91-4931-B4B6-CAB63B876B08}"
EndProject
Project("{8BC9CEB8-8B4A-11D0-8D11-00A0C91BC942}") = "HW_220126_operator++", "HomeWork220126_operator++\HomeWork220126_operator++.vcxproj", "{B5A3256B-3603-42A0-A72E-2D59040F0333}"
EndProject
Project("{8BC9CEB8-8B4A-11D0-8D11-00A0C91BC942}") = "HW_220209_ConsoleScreen", "HomeWork22_0209_ConsoleScreen_exept\ConsoleScreen.vcxproj", "{958B682C-8D66-4E32-903C-B9F8A3014EFB}"
EndProject
Project("{8BC9CEB8-8B4A-11D0-8D11-00A0C91BC942}") = "HW_220210_console_quit,limitmove", "HomeWork22_0210_Console_Quit,limitmove\ConsoleScreen2.vcxproj", "{72097A35-7D13-4E8F-9608-A8616D0F26E8}"
EndProject
Project("{8BC9CEB8-8B4A-11D0-8D11-00A0C91BC942}") = "HW_220215_Array_Resize", "HW_220215_Array_Resize\HW_220215_Array_Resize.vcxproj", "{2CE43914-C3E3-408C-89BD-C40A1229034F}"
EndProject
Global
	GlobalSection(SolutionConfigurationPlatforms) = preSolution
		Debug|x64 = Debug|x64
		Debug|x86 = Debug|x86
		Release|x64 = Release|x64
		Release|x86 = Release|x86
	EndGlobalSection
	GlobalSection(ProjectConfigurationPlatforms) = postSolution
		{C9B782E4-9B91-41E3-8625-6FFD57CDB3E5}.Debug|x64.ActiveCfg = Debug|x64
		{C9B782E4-9B91-41E3-8625-6FFD57CDB3E5}.Debug|x64.Build.0 = Debug|x64
		{C9B782E4-9B91-41E3-8625-6FFD57CDB3E5}.Debug|x86.ActiveCfg = Debug|Win32
		{C9B782E4-9B91-41E3-8625-6FFD57CDB3E5}.Debug|x86.Build.0 = Debug|Win32
		{C9B782E4-9B91-41E3-8625-6FFD57CDB3E5}.Release|x64.ActiveCfg = Release|x64
		{C9B782E4-9B91-41E3-8625-6FFD57CDB3E5}.Release|x64.Build.0 = Release|x64
		{C9B782E4-9B91-41E3-8625-6FFD57CDB3E5}.Release|x86.ActiveCfg = Release|Win32
		{C9B782E4-9B91-41E3-8625-6FFD57CDB3E5}.Release|x86.Build.0 = Release|Win32
		{82CE6644-32A8-4BCC-BFDD-F6A21410DB61}.Debug|x64.ActiveCfg = Debug|x64
		{82CE6644-32A8-4BCC-BFDD-F6A21410DB61}.Debug|x64.Build.0 = Debug|x64
		{82CE6644-32A8-4BCC-BFDD-F6A21410DB61}.Debug|x86.ActiveCfg = Debug|Win32
		{82CE6644-32A8-4BCC-BFDD-F6A21410DB61}.Debug|x86.Build.0 = Debug|Win32
		{82CE6644-32A8-4BCC-BFDD-F6A21410DB61}.Release|x64.ActiveCfg = Release|x64
		{82CE6644-32A8-4BCC-BFDD-F6A21410DB61}.Release|x64.Build.0 = Release|x64
		{82CE6644-32A8-4BCC-BFDD-F6A21410DB61}.Release|x86.ActiveCfg = Release|Win32
		{82CE6644-32A8-4BCC-BFDD-F6A21410DB61}.Release|x86.Build.0 = Release|Win32
		{974EEF9C-85E5-425C-ACCA-F7865CB6DAFE}.Debug|x64.ActiveCfg = Debug|x64
		{974EEF9C-85E5-425C-ACCA-F7865CB6DAFE}.Debug|x64.Build.0 = Debug|x64
		{974EEF9C-85E5-425C-ACCA-F7865CB6DAFE}.Debug|x86.ActiveCfg = Debug|Win32
		{974EEF9C-85E5-425C-ACCA-F7865CB6DAFE}.Debug|x86.Build.0 = Debug|Win32
		{974EEF9C-85E5-425C-ACCA-F7865CB6DAFE}.Release|x64.ActiveCfg = Release|x64
		{974EEF9C-85E5-425C-ACCA-F7865CB6DAFE}.Release|x64.Build.0 = Release|x64
		{974EEF9C-85E5-425C-ACCA-F7865CB6DAFE}.Release|x86.ActiveCfg = Release|Win32
		{974EEF9C-85E5-425C-ACCA-F7865CB6DAFE}.Release|x86.Build.0 = Release|Win32
		{8EA69A8B-BF91-4931-B4B6-CAB63B876B08}.Debug|x64.ActiveCfg = Debug|x64
		{8EA69A8B-BF91-4931-B4B6-CAB63B876B08}.Debug|x64.Build.0 = Debug|x64
		{8EA69A8B-BF91-4931-B4B6-CAB63B876B08}.Debug|x86.ActiveCfg = Debug|Win32
		{8EA69A8B-BF91-4931-B4B6-CAB63B876B08}.Debug|x86.Build.0 = Debug|Win32
		{8EA69A8B-BF91-4931-B4B6-CAB63B876B08}.Release|x64.ActiveCfg = Release|x64
		{8EA69A8B-BF91-4931-B4B6-CAB63B876B08}.Release|x64.Build.0 = Release|x64
		{8EA69A8B-BF91-4931-B4B6-CAB63B876B08}.Release|x86.ActiveCfg = Release|Win32
		{8EA69A8B-BF91-4931-B4B6-CAB63B876B08}.Release|x86.Build.0 = Release|Win32
		{B5A3256B-3603-42A0-A72E-2D59040F0333}.Debug|x64.ActiveCfg = Debug|x64
		{B5A3256B-3603-42A0-A72E-2D59040F0333}.Debug|x64.Build.0 = Debug|x64
		{B5A3256B-3603-42A0-A72E-2D59040F0333}.Debug|x86.ActiveCfg = Debug|Win32
		{B5A3256B-3603-42A0-A72E-2D59040F0333}.Debug|x86.Build.0 = Debug|Win32
		{B5A3256B-3603-42A0-A72E-2D59040F0333}.Release|x64.ActiveCfg = Release|x64
		{B5A3256B-3603-42A0-A72E-2D59040F0333}.Release|x64.Build.0 = Release|x64
		{B5A3256B-3603-42A0-A72E-2D59040F0333}.Release|x86.ActiveCfg = Release|Win32
		{B5A3256B-3603-42A0-A72E-2D59040F0333}.Release|x86.Build.0 = Release|Win32
		{958B682C-8D66-4E32-903C-B9F8A3014EFB}.Debug|x64.ActiveCfg = Debug|x64
		{958B682C-8D66-4E32-903C-B9F8A3014EFB}.Debug|x64.Build.0 = Debug|x64
		{958B682C-8D66-4E32-903C-B9F8A3014EFB}.Debug|x86.ActiveCfg = Debug|Win32
		{958B682C-8D66-4E32-903C-B9F8A3014EFB}.Debug|x86.Build.0 = Debug|Win32
		{958B682C-8D66-4E32-903C-B9F8A3014EFB}.Release|x64.ActiveCfg = Release|x64
		{958B682C-8D66-4E32-903C-B9F8A3014EFB}.Release|x64.Build.0 = Release|x64
		{958B682C-8D66-4E32-903C-B9F8A3014EFB}.Release|x86.ActiveCfg = Release|Win32
		{958B682C-8D66-4E32-903C-B9F8A3014EFB}.Release|x86.Build.0 = Release|Win32
		{72097A35-7D13-4E8F-9608-A8616D0F26E8}.Debug|x64.ActiveCfg = Debug|x64
		{72097A35-7D13-4E8F-9608-A8616D0F26E8}.Debug|x64.Build.0 = Debug|x64
		{72097A35-7D13-4E8F-9608-A8616D0F26E8}.Debug|x86.ActiveCfg = Debug|Win32
		{72097A35-7D13-4E8F-9608-A8616D0F26E8}.Debug|x86.Build.0 = Debug|Win32
		{72097A35-7D13-4E8F-9608-A8616D0F26E8}.Release|x64.ActiveCfg = Release|x64
		{72097A35-7D13-4E8F-9608-A8616D0F26E8}.Release|x64.Build.0 = Release|x64
		{72097A35-7D13-4E8F-9608-A8616D0F26E8}.Release|x86.ActiveCfg = Release|Win32
		{72097A35-7D13-4E8F-9608-A8616D0F26E8}.Release|x86.Build.0 = Release|Win32
		{2CE43914-C3E3-408C-89BD-C40A1229034F}.Debug|x64.ActiveCfg = Debug|x64
		{2CE43914-C3E3-408C-89BD-C40A1229034F}.Debug|x64.Build.0 = Debug|x64
		{2CE43914-C3E3-408C-89BD-C40A1229034F}.Debug|x86.ActiveCfg = Debug|Win32
		{2CE43914-C3E3-408C-89BD-C40A1229034F}.Debug|x86.Build.0 = Debug|Win32
		{2CE43914-C3E3-408C-89BD-C40A1229034F}.Release|x64.ActiveCfg = Release|x64
		{2CE43914-C3E3-408C-89BD-C40A1229034F}.Release|x64.Build.0 = Release|x64
		{2CE43914-C3E3-408C-89BD-C40A1229034F}.Release|x86.ActiveCfg = Release|Win32
		{2CE43914-C3E3-408C-89BD-C40A1229034F}.Release|x86.Build.0 = Release|Win32
	EndGlobalSection
	GlobalSection(SolutionProperties) = preSolution
		HideSolutionNode = FALSE
	EndGlobalSection
	GlobalSection(NestedProjects) = preSolution
		{C9B782E4-9B91-41E3-8625-6FFD57CDB3E5} = {58721CBB-1907-48ED-8463-DADD2D703469}
		{82CE6644-32A8-4BCC-BFDD-F6A21410DB61} = {58721CBB-1907-48ED-8463-DADD2D703469}
		{974EEF9C-85E5-425C-ACCA-F7865CB6DAFE} = {58721CBB-1907-48ED-8463-DADD2D703469}
		{8EA69A8B-BF91-4931-B4B6-CAB63B876B08} = {58721CBB-1907-48ED-8463-DADD2D703469}
		{B5A3256B-3603-42A0-A72E-2D59040F0333} = {58721CBB-1907-48ED-8463-DADD2D703469}
		{958B682C-8D66-4E32-903C-B9F8A3014EFB} = {58721CBB-1907-48ED-8463-DADD2D703469}
		{72097A35-7D13-4E8F-9608-A8616D0F26E8} = {58721CBB-1907-48ED-8463-DADD2D703469}
		{2CE43914-C3E3-408C-89BD-C40A1229034F} = {58721CBB-1907-48ED-8463-DADD2D703469}
	EndGlobalSection
	GlobalSection(ExtensibilityGlobals) = postSolution
		SolutionGuid = {809CE447-60D1-46D8-8D2D-81E9EEEBDDEF}
	EndGlobalSection
EndGlobal
